// !$*UTF8*$!
{
	archiveVersion = 1;
	classes = {
	};
	objectVersion = 46;
	objects = {

/* Begin PBXBuildFile section */
		030A160019B969EE00E9A448 /* Foundation.framework in Frameworks */ = {isa = PBXBuildFile; fileRef = 030A15FF19B969EE00E9A448 /* Foundation.framework */; };
		030A160219B969EE00E9A448 /* CoreGraphics.framework in Frameworks */ = {isa = PBXBuildFile; fileRef = 030A160119B969EE00E9A448 /* CoreGraphics.framework */; };
		030A160419B969EE00E9A448 /* UIKit.framework in Frameworks */ = {isa = PBXBuildFile; fileRef = 030A160319B969EE00E9A448 /* UIKit.framework */; };
		030A160A19B969EE00E9A448 /* InfoPlist.strings in Resources */ = {isa = PBXBuildFile; fileRef = 030A160819B969EE00E9A448 /* InfoPlist.strings */; };
		030A160C19B969EE00E9A448 /* main.m in Sources */ = {isa = PBXBuildFile; fileRef = 030A160B19B969EE00E9A448 /* main.m */; };
		030A161019B969EE00E9A448 /* JPAppDelegate.m in Sources */ = {isa = PBXBuildFile; fileRef = 030A160F19B969EE00E9A448 /* JPAppDelegate.m */; };
		030A161319B969EE00E9A448 /* Main.storyboard in Resources */ = {isa = PBXBuildFile; fileRef = 030A161119B969EE00E9A448 /* Main.storyboard */; };
		030A161619B969EE00E9A448 /* JPViewController.m in Sources */ = {isa = PBXBuildFile; fileRef = 030A161519B969EE00E9A448 /* JPViewController.m */; };
		030A161819B969EE00E9A448 /* Images.xcassets in Resources */ = {isa = PBXBuildFile; fileRef = 030A161719B969EE00E9A448 /* Images.xcassets */; };
		030A161F19B969EE00E9A448 /* XCTest.framework in Frameworks */ = {isa = PBXBuildFile; fileRef = 030A161E19B969EE00E9A448 /* XCTest.framework */; };
		030A162019B969EE00E9A448 /* Foundation.framework in Frameworks */ = {isa = PBXBuildFile; fileRef = 030A15FF19B969EE00E9A448 /* Foundation.framework */; };
		030A162119B969EE00E9A448 /* UIKit.framework in Frameworks */ = {isa = PBXBuildFile; fileRef = 030A160319B969EE00E9A448 /* UIKit.framework */; };
		030A162919B969EE00E9A448 /* InfoPlist.strings in Resources */ = {isa = PBXBuildFile; fileRef = 030A162719B969EE00E9A448 /* InfoPlist.strings */; };
		030A162B19B969EE00E9A448 /* BullsEyeTests.m in Sources */ = {isa = PBXBuildFile; fileRef = 030A162A19B969EE00E9A448 /* BullsEyeTests.m */; };
		030A163619BEA32A00E9A448 /* AboutViewController.m in Sources */ = {isa = PBXBuildFile; fileRef = 030A163519BEA32A00E9A448 /* AboutViewController.m */; };
		030A163819BEBBDB00E9A448 /* BullsEye.html in Resources */ = {isa = PBXBuildFile; fileRef = 030A163719BEBBDB00E9A448 /* BullsEye.html */; };
/* End PBXBuildFile section */

/* Begin PBXContainerItemProxy section */
		030A162219B969EE00E9A448 /* PBXContainerItemProxy */ = {
			isa = PBXContainerItemProxy;
			containerPortal = 030A15F419B969EE00E9A448 /* Project object */;
			proxyType = 1;
			remoteGlobalIDString = 030A15FB19B969EE00E9A448;
			remoteInfo = BullsEye;
		};
/* End PBXContainerItemProxy section */

/* Begin PBXFileReference section */
		030A15FC19B969EE00E9A448 /* BullsEye.app */ = {isa = PBXFileReference; explicitFileType = wrapper.application; includeInIndex = 0; path = BullsEye.app; sourceTree = BUILT_PRODUCTS_DIR; };
		030A15FF19B969EE00E9A448 /* Foundation.framework */ = {isa = PBXFileReference; lastKnownFileType = wrapper.framework; name = Foundation.framework; path = System/Library/Frameworks/Foundation.framework; sourceTree = SDKROOT; };
		030A160119B969EE00E9A448 /* CoreGraphics.framework */ = {isa = PBXFileReference; lastKnownFileType = wrapper.framework; name = CoreGraphics.framework; path = System/Library/Frameworks/CoreGraphics.framework; sourceTree = SDKROOT; };
		030A160319B969EE00E9A448 /* UIKit.framework */ = {isa = PBXFileReference; lastKnownFileType = wrapper.framework; name = UIKit.framework; path = System/Library/Frameworks/UIKit.framework; sourceTree = SDKROOT; };
		030A160719B969EE00E9A448 /* BullsEye-Info.plist */ = {isa = PBXFileReference; lastKnownFileType = text.plist.xml; path = "BullsEye-Info.plist"; sourceTree = "<group>"; };
		030A160919B969EE00E9A448 /* en */ = {isa = PBXFileReference; lastKnownFileType = text.plist.strings; name = en; path = en.lproj/InfoPlist.strings; sourceTree = "<group>"; };
		030A160B19B969EE00E9A448 /* main.m */ = {isa = PBXFileReference; lastKnownFileType = sourcecode.c.objc; path = main.m; sourceTree = "<group>"; };
		030A160D19B969EE00E9A448 /* BullsEye-Prefix.pch */ = {isa = PBXFileReference; lastKnownFileType = sourcecode.c.h; path = "BullsEye-Prefix.pch"; sourceTree = "<group>"; };
		030A160E19B969EE00E9A448 /* JPAppDelegate.h */ = {isa = PBXFileReference; lastKnownFileType = sourcecode.c.h; path = JPAppDelegate.h; sourceTree = "<group>"; };
		030A160F19B969EE00E9A448 /* JPAppDelegate.m */ = {isa = PBXFileReference; lastKnownFileType = sourcecode.c.objc; path = JPAppDelegate.m; sourceTree = "<group>"; };
		030A161219B969EE00E9A448 /* Base */ = {isa = PBXFileReference; lastKnownFileType = file.storyboard; name = Base; path = Base.lproj/Main.storyboard; sourceTree = "<group>"; };
		030A161419B969EE00E9A448 /* JPViewController.h */ = {isa = PBXFileReference; lastKnownFileType = sourcecode.c.h; path = JPViewController.h; sourceTree = "<group>"; };
		030A161519B969EE00E9A448 /* JPViewController.m */ = {isa = PBXFileReference; lastKnownFileType = sourcecode.c.objc; path = JPViewController.m; sourceTree = "<group>"; };
		030A161719B969EE00E9A448 /* Images.xcassets */ = {isa = PBXFileReference; lastKnownFileType = folder.assetcatalog; path = Images.xcassets; sourceTree = "<group>"; };
		030A161D19B969EE00E9A448 /* BullsEyeTests.xctest */ = {isa = PBXFileReference; explicitFileType = wrapper.cfbundle; includeInIndex = 0; path = BullsEyeTests.xctest; sourceTree = BUILT_PRODUCTS_DIR; };
		030A161E19B969EE00E9A448 /* XCTest.framework */ = {isa = PBXFileReference; lastKnownFileType = wrapper.framework; name = XCTest.framework; path = Library/Frameworks/XCTest.framework; sourceTree = DEVELOPER_DIR; };
		030A162619B969EE00E9A448 /* BullsEyeTests-Info.plist */ = {isa = PBXFileReference; lastKnownFileType = text.plist.xml; path = "BullsEyeTests-Info.plist"; sourceTree = "<group>"; };
		030A162819B969EE00E9A448 /* en */ = {isa = PBXFileReference; lastKnownFileType = text.plist.strings; name = en; path = en.lproj/InfoPlist.strings; sourceTree = "<group>"; };
		030A162A19B969EE00E9A448 /* BullsEyeTests.m */ = {isa = PBXFileReference; lastKnownFileType = sourcecode.c.objc; path = BullsEyeTests.m; sourceTree = "<group>"; };
		030A163419BEA32A00E9A448 /* AboutViewController.h */ = {isa = PBXFileReference; fileEncoding = 4; lastKnownFileType = sourcecode.c.h; path = AboutViewController.h; sourceTree = "<group>"; };
		030A163519BEA32A00E9A448 /* AboutViewController.m */ = {isa = PBXFileReference; fileEncoding = 4; lastKnownFileType = sourcecode.c.objc; path = AboutViewController.m; sourceTree = "<group>"; };
		030A163719BEBBDB00E9A448 /* BullsEye.html */ = {isa = PBXFileReference; fileEncoding = 4; lastKnownFileType = text.html; path = BullsEye.html; sourceTree = "<group>"; };
/* End PBXFileReference section */

/* Begin PBXFrameworksBuildPhase section */
		030A15F919B969EE00E9A448 /* Frameworks */ = {
			isa = PBXFrameworksBuildPhase;
			buildActionMask = 2147483647;
			files = (
				030A160219B969EE00E9A448 /* CoreGraphics.framework in Frameworks */,
				030A160419B969EE00E9A448 /* UIKit.framework in Frameworks */,
				030A160019B969EE00E9A448 /* Foundation.framework in Frameworks */,
			);
			runOnlyForDeploymentPostprocessing = 0;
		};
		030A161A19B969EE00E9A448 /* Frameworks */ = {
			isa = PBXFrameworksBuildPhase;
			buildActionMask = 2147483647;
			files = (
				030A161F19B969EE00E9A448 /* XCTest.framework in Frameworks */,
				030A162119B969EE00E9A448 /* UIKit.framework in Frameworks */,
				030A162019B969EE00E9A448 /* Foundation.framework in Frameworks */,
			);
			runOnlyForDeploymentPostprocessing = 0;
		};
/* End PBXFrameworksBuildPhase section */

/* Begin PBXGroup section */
		030A15F319B969EE00E9A448 = {
			isa = PBXGroup;
			children = (
				030A160519B969EE00E9A448 /* BullsEye */,
				030A162419B969EE00E9A448 /* BullsEyeTests */,
				030A15FE19B969EE00E9A448 /* Frameworks */,
				030A15FD19B969EE00E9A448 /* Products */,
			);
			sourceTree = "<group>";
		};
		030A15FD19B969EE00E9A448 /* Products */ = {
			isa = PBXGroup;
			children = (
				030A15FC19B969EE00E9A448 /* BullsEye.app */,
				030A161D19B969EE00E9A448 /* BullsEyeTests.xctest */,
			);
			name = Products;
			sourceTree = "<group>";
		};
		030A15FE19B969EE00E9A448 /* Frameworks */ = {
			isa = PBXGroup;
			children = (
				030A15FF19B969EE00E9A448 /* Foundation.framework */,
				030A160119B969EE00E9A448 /* CoreGraphics.framework */,
				030A160319B969EE00E9A448 /* UIKit.framework */,
				030A161E19B969EE00E9A448 /* XCTest.framework */,
			);
			name = Frameworks;
			sourceTree = "<group>";
		};
		030A160519B969EE00E9A448 /* BullsEye */ = {
			isa = PBXGroup;
			children = (
				030A163719BEBBDB00E9A448 /* BullsEye.html */,
				030A160E19B969EE00E9A448 /* JPAppDelegate.h */,
				030A160F19B969EE00E9A448 /* JPAppDelegate.m */,
				030A161119B969EE00E9A448 /* Main.storyboard */,
				030A161419B969EE00E9A448 /* JPViewController.h */,
				030A161519B969EE00E9A448 /* JPViewController.m */,
				030A163419BEA32A00E9A448 /* AboutViewController.h */,
				030A163519BEA32A00E9A448 /* AboutViewController.m */,
				030A161719B969EE00E9A448 /* Images.xcassets */,
				030A160619B969EE00E9A448 /* Supporting Files */,
			);
			path = BullsEye;
			sourceTree = "<group>";
		};
		030A160619B969EE00E9A448 /* Supporting Files */ = {
			isa = PBXGroup;
			children = (
				030A160719B969EE00E9A448 /* BullsEye-Info.plist */,
				030A160819B969EE00E9A448 /* InfoPlist.strings */,
				030A160B19B969EE00E9A448 /* main.m */,
				030A160D19B969EE00E9A448 /* BullsEye-Prefix.pch */,
			);
			name = "Supporting Files";
			sourceTree = "<group>";
		};
		030A162419B969EE00E9A448 /* BullsEyeTests */ = {
			isa = PBXGroup;
			children = (
				030A162A19B969EE00E9A448 /* BullsEyeTests.m */,
				030A162519B969EE00E9A448 /* Supporting Files */,
			);
			path = BullsEyeTests;
			sourceTree = "<group>";
		};
		030A162519B969EE00E9A448 /* Supporting Files */ = {
			isa = PBXGroup;
			children = (
				030A162619B969EE00E9A448 /* BullsEyeTests-Info.plist */,
				030A162719B969EE00E9A448 /* InfoPlist.strings */,
			);
			name = "Supporting Files";
			sourceTree = "<group>";
		};
/* End PBXGroup section */

/* Begin PBXNativeTarget section */
		030A15FB19B969EE00E9A448 /* BullsEye */ = {
			isa = PBXNativeTarget;
			buildConfigurationList = 030A162E19B969EE00E9A448 /* Build configuration list for PBXNativeTarget "BullsEye" */;
			buildPhases = (
				030A15F819B969EE00E9A448 /* Sources */,
				030A15F919B969EE00E9A448 /* Frameworks */,
				030A15FA19B969EE00E9A448 /* Resources */,
			);
			buildRules = (
			);
			dependencies = (
			);
			name = BullsEye;
			productName = BullsEye;
			productReference = 030A15FC19B969EE00E9A448 /* BullsEye.app */;
			productType = "com.apple.product-type.application";
		};
		030A161C19B969EE00E9A448 /* BullsEyeTests */ = {
			isa = PBXNativeTarget;
			buildConfigurationList = 030A163119B969EE00E9A448 /* Build configuration list for PBXNativeTarget "BullsEyeTests" */;
			buildPhases = (
				030A161919B969EE00E9A448 /* Sources */,
				030A161A19B969EE00E9A448 /* Frameworks */,
				030A161B19B969EE00E9A448 /* Resources */,
			);
			buildRules = (
			);
			dependencies = (
				030A162319B969EE00E9A448 /* PBXTargetDependency */,
			);
			name = BullsEyeTests;
			productName = BullsEyeTests;
			productReference = 030A161D19B969EE00E9A448 /* BullsEyeTests.xctest */;
			productType = "com.apple.product-type.bundle.unit-test";
		};
/* End PBXNativeTarget section */

/* Begin PBXProject section */
		030A15F419B969EE00E9A448 /* Project object */ = {
			isa = PBXProject;
			attributes = {
				CLASSPREFIX = JP;
				LastUpgradeCheck = 0510;
				ORGANIZATIONNAME = "Josh Petrack";
				TargetAttributes = {
					030A161C19B969EE00E9A448 = {
						TestTargetID = 030A15FB19B969EE00E9A448;
					};
				};
			};
			buildConfigurationList = 030A15F719B969EE00E9A448 /* Build configuration list for PBXProject "BullsEye" */;
			compatibilityVersion = "Xcode 3.2";
			developmentRegion = English;
			hasScannedForEncodings = 0;
			knownRegions = (
				en,
				Base,
			);
			mainGroup = 030A15F319B969EE00E9A448;
			productRefGroup = 030A15FD19B969EE00E9A448 /* Products */;
			projectDirPath = "";
			projectRoot = "";
			targets = (
				030A15FB19B969EE00E9A448 /* BullsEye */,
				030A161C19B969EE00E9A448 /* BullsEyeTests */,
			);
		};
/* End PBXProject section */

/* Begin PBXResourcesBuildPhase section */
		030A15FA19B969EE00E9A448 /* Resources */ = {
			isa = PBXResourcesBuildPhase;
			buildActionMask = 2147483647;
			files = (
				030A161819B969EE00E9A448 /* Images.xcassets in Resources */,
				030A163819BEBBDB00E9A448 /* BullsEye.html in Resources */,
				030A160A19B969EE00E9A448 /* InfoPlist.strings in Resources */,
				030A161319B969EE00E9A448 /* Main.storyboard in Resources */,
			);
			runOnlyForDeploymentPostprocessing = 0;
		};
		030A161B19B969EE00E9A448 /* Resources */ = {
			isa = PBXResourcesBuildPhase;
			buildActionMask = 2147483647;
			files = (
				030A162919B969EE00E9A448 /* InfoPlist.strings in Resources */,
			);
			runOnlyForDeploymentPostprocessing = 0;
		};
/* End PBXResourcesBuildPhase section */

/* Begin PBXSourcesBuildPhase section */
		030A15F819B969EE00E9A448 /* Sources */ = {
			isa = PBXSourcesBuildPhase;
			buildActionMask = 2147483647;
			files = (
				030A161019B969EE00E9A448 /* JPAppDelegate.m in Sources */,
				030A161619B969EE00E9A448 /* JPViewController.m in Sources */,
				030A163619BEA32A00E9A448 /* AboutViewController.m in Sources */,
				030A160C19B969EE00E9A448 /* main.m in Sources */,
			);
			runOnlyForDeploymentPostprocessing = 0;
		};
		030A161919B969EE00E9A448 /* Sources */ = {
			isa = PBXSourcesBuildPhase;
			buildActionMask = 2147483647;
			files = (
				030A162B19B969EE00E9A448 /* BullsEyeTests.m in Sources */,
			);
			runOnlyForDeploymentPostprocessing = 0;
		};
/* End PBXSourcesBuildPhase section */

/* Begin PBXTargetDependency section */
		030A162319B969EE00E9A448 /* PBXTargetDependency */ = {
			isa = PBXTargetDependency;
			target = 030A15FB19B969EE00E9A448 /* BullsEye */;
			targetProxy = 030A162219B969EE00E9A448 /* PBXContainerItemProxy */;
		};
/* End PBXTargetDependency section */

/* Begin PBXVariantGroup section */
		030A160819B969EE00E9A448 /* InfoPlist.strings */ = {
			isa = PBXVariantGroup;
			children = (
				030A160919B969EE00E9A448 /* en */,
			);
			name = InfoPlist.strings;
			sourceTree = "<group>";
		};
		030A161119B969EE00E9A448 /* Main.storyboard */ = {
			isa = PBXVariantGroup;
			children = (
				030A161219B969EE00E9A448 /* Base */,
			);
			name = Main.storyboard;
			sourceTree = "<group>";
		};
		030A162719B969EE00E9A448 /* InfoPlist.strings */ = {
			isa = PBXVariantGroup;
			children = (
				030A162819B969EE00E9A448 /* en */,
			);
			name = InfoPlist.strings;
			sourceTree = "<group>";
		};
/* End PBXVariantGroup section */

/* Begin XCBuildConfiguration section */
		030A162C19B969EE00E9A448 /* Debug */ = {
			isa = XCBuildConfiguration;
			buildSettings = {
				ALWAYS_SEARCH_USER_PATHS = NO;
				CLANG_CXX_LANGUAGE_STANDARD = "gnu++0x";
				CLANG_CXX_LIBRARY = "libc++";
				CLANG_ENABLE_MODULES = YES;
				CLANG_ENABLE_OBJC_ARC = YES;
				CLANG_WARN_BOOL_CONVERSION = YES;
				CLANG_WARN_CONSTANT_CONVERSION = YES;
				CLANG_WARN_DIRECT_OBJC_ISA_USAGE = YES_ERROR;
				CLANG_WARN_EMPTY_BODY = YES;
				CLANG_WARN_ENUM_CONVERSION = YES;
				CLANG_WARN_INT_CONVERSION = YES;
				CLANG_WARN_OBJC_ROOT_CLASS = YES_ERROR;
				CLANG_WARN__DUPLICATE_METHOD_MATCH = YES;
				"CODE_SIGN_IDENTITY[sdk=iphoneos*]" = "iPhone Developer";
				COPY_PHASE_STRIP = NO;
				GCC_C_LANGUAGE_STANDARD = gnu99;
				GCC_DYNAMIC_NO_PIC = NO;
				GCC_OPTIMIZATION_LEVEL = 0;
				GCC_PREPROCESSOR_DEFINITIONS = (
					"DEBUG=1",
					"$(inherited)",
				);
				GCC_SYMBOLS_PRIVATE_EXTERN = NO;
				GCC_WARN_64_TO_32_BIT_CONVERSION = YES;
				GCC_WARN_ABOUT_RETURN_TYPE = YES_ERROR;
				GCC_WARN_UNDECLARED_SELECTOR = YES;
				GCC_WARN_UNINITIALIZED_AUTOS = YES_AGGRESSIVE;
				GCC_WARN_UNUSED_FUNCTION = YES;
				GCC_WARN_UNUSED_VARIABLE = YES;
				IPHONEOS_DEPLOYMENT_TARGET = 7.1;
				ONLY_ACTIVE_ARCH = YES;
				SDKROOT = iphoneos;
			};
			name = Debug;
		};
		030A162D19B969EE00E9A448 /* Release */ = {
			isa = XCBuildConfiguration;
			buildSettings = {
				ALWAYS_SEARCH_USER_PATHS = NO;
				CLANG_CXX_LANGUAGE_STANDARD = "gnu++0x";
				CLANG_CXX_LIBRARY = "libc++";
				CLANG_ENABLE_MODULES = YES;
				CLANG_ENABLE_OBJC_ARC = YES;
				CLANG_WARN_BOOL_CONVERSION = YES;
				CLANG_WARN_CONSTANT_CONVERSION = YES;
				CLANG_WARN_DIRECT_OBJC_ISA_USAGE = YES_ERROR;
				CLANG_WARN_EMPTY_BODY = YES;
				CLANG_WARN_ENUM_CONVERSION = YES;
				CLANG_WARN_INT_CONVERSION = YES;
				CLANG_WARN_OBJC_ROOT_CLASS = YES_ERROR;
				CLANG_WARN__DUPLICATE_METHOD_MATCH = YES;
				"CODE_SIGN_IDENTITY[sdk=iphoneos*]" = "iPhone Developer";
				COPY_PHASE_STRIP = YES;
				ENABLE_NS_ASSERTIONS = NO;
				GCC_C_LANGUAGE_STANDARD = gnu99;
				GCC_WARN_64_TO_32_BIT_CONVERSION = YES;
				GCC_WARN_ABOUT_RETURN_TYPE = YES_ERROR;
				GCC_WARN_UNDECLARED_SELECTOR = YES;
				GCC_WARN_UNINITIALIZED_AUTOS = YES_AGGRESSIVE;
				GCC_WARN_UNUSED_FUNCTION = YES;
				GCC_WARN_UNUSED_VARIABLE = YES;
				IPHONEOS_DEPLOYMENT_TARGET = 7.1;
				SDKROOT = iphoneos;
				VALIDATE_PRODUCT = YES;
			};
			name = Release;
		};
		030A162F19B969EE00E9A448 /* Debug */ = {
			isa = XCBuildConfiguration;
			buildSettings = {
				ASSETCATALOG_COMPILER_APPICON_NAME = AppIcon;
				ASSETCATALOG_COMPILER_LAUNCHIMAGE_NAME = LaunchImage;
				GCC_PRECOMPILE_PREFIX_HEADER = YES;
				GCC_PREFIX_HEADER = "BullsEye/BullsEye-Prefix.pch";
				INFOPLIST_FILE = "BullsEye/BullsEye-Info.plist";
				PRODUCT_NAME = "$(TARGET_NAME)";
				WRAPPER_EXTENSION = app;
			};
			name = Debug;
		};
		030A163019B969EE00E9A448 /* Release */ = {
			isa = XCBuildConfiguration;
			buildSettings = {
				ASSETCATALOG_COMPILER_APPICON_NAME = AppIcon;
				ASSETCATALOG_COMPILER_LAUNCHIMAGE_NAME = LaunchImage;
				GCC_PRECOMPILE_PREFIX_HEADER = YES;
				GCC_PREFIX_HEADER = "BullsEye/BullsEye-Prefix.pch";
				INFOPLIST_FILE = "BullsEye/BullsEye-Info.plist";
				PRODUCT_NAME = "$(TARGET_NAME)";
				WRAPPER_EXTENSION = app;
			};
			name = Release;
		};
		030A163219B969EE00E9A448 /* Debug */ = {
			isa = XCBuildConfiguration;
			buildSettings = {
				BUNDLE_LOADER = "$(BUILT_PRODUCTS_DIR)/BullsEye.app/BullsEye";
				FRAMEWORK_SEARCH_PATHS = (
					"$(SDKROOT)/Developer/Library/Frameworks",
					"$(inherited)",
					"$(DEVELOPER_FRAMEWORKS_DIR)",
				);
				GCC_PRECOMPILE_PREFIX_HEADER = YES;
				GCC_PREFIX_HEADER = "BullsEye/BullsEye-Prefix.pch";
				GCC_PREPROCESSOR_DEFINITIONS = (
					"DEBUG=1",
					"$(inherited)",
				);
				INFOPLIST_FILE = "BullsEyeTests/BullsEyeTests-Info.plist";
				PRODUCT_NAME = "$(TARGET_NAME)";
				TEST_HOST = "$(BUNDLE_LOADER)";
				WRAPPER_EXTENSION = xctest;
			};
			name = Debug;
		};
		030A163319B969EE00E9A448 /* Release */ = {
			isa = XCBuildConfiguration;
			buildSettings = {
				BUNDLE_LOADER = "$(BUILT_PRODUCTS_DIR)/BullsEye.app/BullsEye";
				FRAMEWORK_SEARCH_PATHS = (
					"$(SDKROOT)/Developer/Library/Frameworks",
					"$(inherited)",
					"$(DEVELOPER_FRAMEWORKS_DIR)",
				);
				GCC_PRECOMPILE_PREFIX_HEADER = YES;
				GCC_PREFIX_HEADER = "BullsEye/BullsEye-Prefix.pch";
				INFOPLIST_FILE = "BullsEyeTests/BullsEyeTests-Info.plist";
				PRODUCT_NAME = "$(TARGET_NAME)";
				TEST_HOST = "$(BUNDLE_LOADER)";
				WRAPPER_EXTENSION = xctest;
			};
			name = Release;
		};
/* End XCBuildConfiguration section */

/* Begin XCConfigurationList section */
		030A15F719B969EE00E9A448 /* Build configuration list for PBXProject "BullsEye" */ = {
			isa = XCConfigurationList;
			buildConfigurations = (
				030A162C19B969EE00E9A448 /* Debug */,
				030A162D19B969EE00E9A448 /* Release */,
			);
			defaultConfigurationIsVisible = 0;
			defaultConfigurationName = Release;
		};
		030A162E19B969EE00E9A448 /* Build configuration list for PBXNativeTarget "BullsEye" */ = {
			isa = XCConfigurationList;
			buildConfigurations = (
				030A162F19B969EE00E9A448 /* Debug */,
				030A163019B969EE00E9A448 /* Release */,
			);
			defaultConfigurationIsVisible = 0;
		};
		030A163119B969EE00E9A448 /* Build configuration list for PBXNativeTarget "BullsEyeTests" */ = {
			isa = XCConfigurationList;
			buildConfigurations = (
				030A163219B969EE00E9A448 /* Debug */,
				030A163319B969EE00E9A448 /* Release */,
			);
			defaultConfigurationIsVisible = 0;
		};
/* End XCConfigurationList section */
	};
	rootObject = 030A15F419B969EE00E9A448 /* Project object */;
}
